
Microsoft Visual Studio Solution File, Format Version 12.00
# Visual Studio 2012
Project("{FAE04EC0-301F-11D3-BF4B-00C04F79EFBC}") = "Our.Umbraco.DictionaryDropdown", "Src\Our.Umbraco.DictionaryDropdown\Our.Umbraco.DictionaryDropdown.csproj", "{9CFB1FF2-CC86-436B-9EB8-8401A7BAD1A9}"
EndProject
Global
	GlobalSection(SolutionConfigurationPlatforms) = preSolution
		Debug|Any CPU = Debug|Any CPU
		Release|Any CPU = Release|Any CPU
	EndGlobalSection
	GlobalSection(ProjectConfigurationPlatforms) = postSolution
		{9CFB1FF2-CC86-436B-9EB8-8401A7BAD1A9}.Debug|Any CPU.ActiveCfg = Debug|Any CPU
		{9CFB1FF2-CC86-436B-9EB8-8401A7BAD1A9}.Debug|Any CPU.Build.0 = Debug|Any CPU
		{9CFB1FF2-CC86-436B-9EB8-8401A7BAD1A9}.Release|Any CPU.ActiveCfg = Release|Any CPU
		{9CFB1FF2-CC86-436B-9EB8-8401A7BAD1A9}.Release|Any CPU.Build.0 = Release|Any CPU
	EndGlobalSection
	GlobalSection(SolutionProperties) = preSolution
		HideSolutionNode = FALSE
	EndGlobalSection
EndGlobal
